{
  "name": "contao-style-bricks-bundle",
  "version": "0.0.1",
  "lockfileVersion": 1,
  "requires": true,
  "dependencies": {
    "glightbox": {
      "version": "3.0.3",
      "resolved": "https://registry.npmjs.org/glightbox/-/glightbox-3.0.3.tgz",
      "integrity": "sha512-lk0Uu7B1tH8/UVfaUHOUBnw+0BygW49NlP/mKrYk4LHv+jF5u7TwsfevmL7wf3ovddzn1IbpS4BwGEd3iaGJ1g==",
      "dev": true
    },
    "hamburgers": {
      "version": "1.1.3",
      "resolved": "https://registry.npmjs.org/hamburgers/-/hamburgers-1.1.3.tgz",
      "integrity": "sha512-qpfnJwZq6ATAGJEriwuyfVNgT++GG+o+3bBfPYF7F3WY452cYKbaYGUuqwhp+3kHLI6CL4VIBfj8bfbp90Lp1A==",
      "dev": true
    }
  }
}
